
Microsoft Visual Studio Solution File, Format Version 12.00
# Visual Studio Version 16
VisualStudioVersion = 16.0.30011.22
MinimumVisualStudioVersion = 10.0.40219.1
Project("{9A19103F-16F7-4668-BE54-9A1E7A4F7556}") = "Teams", "Teams\Teams.csproj", "{A782FC50-20B2-429A-BDAE-4252FD33277C}"
EndProject
Project("{E53339B2-1760-4266-BCC7-CA923CBCF16C}") = "docker-compose", "docker-compose.dcproj", "{A74E17C6-FC8A-4755-99BD-6F03F7947F55}"
EndProject
Project("{9A19103F-16F7-4668-BE54-9A1E7A4F7556}") = "Teams.Tests", "..\Teams.Tests\Teams.Tests.csproj", "{5B5B362A-4DBC-4830-9BB6-F8184A3FBDBD}"
EndProject
Project("{9A19103F-16F7-4668-BE54-9A1E7A4F7556}") = "Teams.Security", "..\Teams.Security\Teams.Security.csproj", "{B5BEC415-D989-4F41-AADE-027CE1798AC0}"
EndProject
Project("{9A19103F-16F7-4668-BE54-9A1E7A4F7556}") = "Teams.Business", "..\Teams.Business\Teams.Business.csproj", "{CF7AEAEC-880F-42EF-A0D3-703105A0B412}"
EndProject
Global
	GlobalSection(SolutionConfigurationPlatforms) = preSolution
		Debug|Any CPU = Debug|Any CPU
		Release|Any CPU = Release|Any CPU
	EndGlobalSection
	GlobalSection(ProjectConfigurationPlatforms) = postSolution
		{A782FC50-20B2-429A-BDAE-4252FD33277C}.Debug|Any CPU.ActiveCfg = Debug|Any CPU
		{A782FC50-20B2-429A-BDAE-4252FD33277C}.Debug|Any CPU.Build.0 = Debug|Any CPU
		{A782FC50-20B2-429A-BDAE-4252FD33277C}.Release|Any CPU.ActiveCfg = Release|Any CPU
		{A782FC50-20B2-429A-BDAE-4252FD33277C}.Release|Any CPU.Build.0 = Release|Any CPU
		{A74E17C6-FC8A-4755-99BD-6F03F7947F55}.Debug|Any CPU.ActiveCfg = Debug|Any CPU
		{A74E17C6-FC8A-4755-99BD-6F03F7947F55}.Debug|Any CPU.Build.0 = Debug|Any CPU
		{A74E17C6-FC8A-4755-99BD-6F03F7947F55}.Release|Any CPU.ActiveCfg = Release|Any CPU
		{A74E17C6-FC8A-4755-99BD-6F03F7947F55}.Release|Any CPU.Build.0 = Release|Any CPU
		{5B5B362A-4DBC-4830-9BB6-F8184A3FBDBD}.Debug|Any CPU.ActiveCfg = Debug|Any CPU
		{5B5B362A-4DBC-4830-9BB6-F8184A3FBDBD}.Debug|Any CPU.Build.0 = Debug|Any CPU
		{5B5B362A-4DBC-4830-9BB6-F8184A3FBDBD}.Release|Any CPU.ActiveCfg = Release|Any CPU
		{5B5B362A-4DBC-4830-9BB6-F8184A3FBDBD}.Release|Any CPU.Build.0 = Release|Any CPU
		{B5BEC415-D989-4F41-AADE-027CE1798AC0}.Debug|Any CPU.ActiveCfg = Debug|Any CPU
		{B5BEC415-D989-4F41-AADE-027CE1798AC0}.Debug|Any CPU.Build.0 = Debug|Any CPU
		{B5BEC415-D989-4F41-AADE-027CE1798AC0}.Release|Any CPU.ActiveCfg = Release|Any CPU
		{B5BEC415-D989-4F41-AADE-027CE1798AC0}.Release|Any CPU.Build.0 = Release|Any CPU
		{CF7AEAEC-880F-42EF-A0D3-703105A0B412}.Debug|Any CPU.ActiveCfg = Debug|Any CPU
		{CF7AEAEC-880F-42EF-A0D3-703105A0B412}.Debug|Any CPU.Build.0 = Debug|Any CPU
		{CF7AEAEC-880F-42EF-A0D3-703105A0B412}.Release|Any CPU.ActiveCfg = Release|Any CPU
		{CF7AEAEC-880F-42EF-A0D3-703105A0B412}.Release|Any CPU.Build.0 = Release|Any CPU
	EndGlobalSection
	GlobalSection(SolutionProperties) = preSolution
		HideSolutionNode = FALSE
	EndGlobalSection
	GlobalSection(ExtensibilityGlobals) = postSolution
		SolutionGuid = {7AF90144-1CDC-4F74-9B42-E7F64E37730F}
	EndGlobalSection
EndGlobal
